# Generated by pub
# See http://pub.dartlang.org/doc/glossary.html#lockfile
packages:
  browser:
    description: browser
    source: hosted
    version: "0.10.0+2"
  stagexl:
    description:
      ref: null
      resolved-ref: e9e16e94e7df0b34340413830dbe7b1d3e872a45
      url: "https://github.com/bp74/StageXL.git"
    source: git
    version: "0.9.4"
