# Generated by pub
# See http://pub.dartlang.org/doc/glossary.html#lockfile
packages:
  browser:
    description: browser
    source: hosted
    version: "0.10.0+2"
  logging:
    description: logging
    source: hosted
    version: "0.9.2"
  stagexl:
    description:
      ref: null
      resolved-ref: "0dd79964340e157f9d90538bc5658b8d230c8dd0"
      url: "https://github.com/bp74/StageXL.git"
    source: git
    version: "0.9.4"
